
Microsoft Visual Studio Solution File, Format Version 12.00
# Visual Studio Version 17
VisualStudioVersion = 17.10.35122.118
MinimumVisualStudioVersion = 10.0.40219.1
Project("{FAE04EC0-301F-11D3-BF4B-00C04F79EFBC}") = "SerialPort_01", "SerialPort_01.csproj", "{5A09806A-CFDA-4792-99A1-D8EE4DDE661A}"
EndProject
Global
	GlobalSection(SolutionConfigurationPlatforms) = preSolution
		Debug|Any CPU = Debug|Any CPU
		Release|Any CPU = Release|Any CPU
	EndGlobalSection
	GlobalSection(ProjectConfigurationPlatforms) = postSolution
		{5A09806A-CFDA-4792-99A1-D8EE4DDE661A}.Debug|Any CPU.ActiveCfg = Debug|Any CPU
		{5A09806A-CFDA-4792-99A1-D8EE4DDE661A}.Debug|Any CPU.Build.0 = Debug|Any CPU
		{5A09806A-CFDA-4792-99A1-D8EE4DDE661A}.Release|Any CPU.ActiveCfg = Release|Any CPU
		{5A09806A-CFDA-4792-99A1-D8EE4DDE661A}.Release|Any CPU.Build.0 = Release|Any CPU
	EndGlobalSection
	GlobalSection(SolutionProperties) = preSolution
		HideSolutionNode = FALSE
	EndGlobalSection
	GlobalSection(ExtensibilityGlobals) = postSolution
		SolutionGuid = {17F08125-E1AC-4FB2-92BD-D606282DD1EE}
	EndGlobalSection
EndGlobal
